// !$*UTF8*$!
{
	archiveVersion = 1;
	classes = {
	};
	objectVersion = 56;
	objects = {

/* Begin PBXBuildFile section */
		4B41A4E62A1C14C30005A45A /* CustomColor.swift in Sources */ = {isa = PBXBuildFile; fileRef = 4B41A4E52A1C14C30005A45A /* CustomColor.swift */; };
		4B41A4E92A1C1C540005A45A /* ImagePicker.swift in Sources */ = {isa = PBXBuildFile; fileRef = 4B41A4E82A1C1C540005A45A /* ImagePicker.swift */; };
		4B41A4EC2A1C1E240005A45A /* ProfileModel.swift in Sources */ = {isa = PBXBuildFile; fileRef = 4B41A4EB2A1C1E240005A45A /* ProfileModel.swift */; };
		4B41A4EE2A1C21790005A45A /* ProfileImage.swift in Sources */ = {isa = PBXBuildFile; fileRef = 4B41A4ED2A1C21790005A45A /* ProfileImage.swift */; };
		4BF5BBC32A16E622008C5528 /* PreeshApp.swift in Sources */ = {isa = PBXBuildFile; fileRef = 4BF5BBC22A16E622008C5528 /* PreeshApp.swift */; };
		4BF5BBC52A16E622008C5528 /* ContentView.swift in Sources */ = {isa = PBXBuildFile; fileRef = 4BF5BBC42A16E622008C5528 /* ContentView.swift */; };
		4BF5BBC72A16E624008C5528 /* Assets.xcassets in Resources */ = {isa = PBXBuildFile; fileRef = 4BF5BBC62A16E624008C5528 /* Assets.xcassets */; };
		4BF5BBCA2A16E624008C5528 /* Preview Assets.xcassets in Resources */ = {isa = PBXBuildFile; fileRef = 4BF5BBC92A16E624008C5528 /* Preview Assets.xcassets */; };
		4BF5BBD22A16E641008C5528 /* ProfileView.swift in Sources */ = {isa = PBXBuildFile; fileRef = 4BF5BBD12A16E641008C5528 /* ProfileView.swift */; };
		4BF5BBD42A16E672008C5528 /* HomeFeedView.swift in Sources */ = {isa = PBXBuildFile; fileRef = 4BF5BBD32A16E672008C5528 /* HomeFeedView.swift */; };
		4BF5BBD62A16EB79008C5528 /* TabBarView.swift in Sources */ = {isa = PBXBuildFile; fileRef = 4BF5BBD52A16EB79008C5528 /* TabBarView.swift */; };
/* End PBXBuildFile section */

/* Begin PBXFileReference section */
		4B41A4E52A1C14C30005A45A /* CustomColor.swift */ = {isa = PBXFileReference; lastKnownFileType = sourcecode.swift; path = CustomColor.swift; sourceTree = "<group>"; };
		4B41A4E82A1C1C540005A45A /* ImagePicker.swift */ = {isa = PBXFileReference; lastKnownFileType = sourcecode.swift; path = ImagePicker.swift; sourceTree = "<group>"; };
		4B41A4EB2A1C1E240005A45A /* ProfileModel.swift */ = {isa = PBXFileReference; lastKnownFileType = sourcecode.swift; path = ProfileModel.swift; sourceTree = "<group>"; };
		4B41A4ED2A1C21790005A45A /* ProfileImage.swift */ = {isa = PBXFileReference; lastKnownFileType = sourcecode.swift; path = ProfileImage.swift; sourceTree = "<group>"; };
		4BF5BBBF2A16E622008C5528 /* Preesh.app */ = {isa = PBXFileReference; explicitFileType = wrapper.application; includeInIndex = 0; path = Preesh.app; sourceTree = BUILT_PRODUCTS_DIR; };
		4BF5BBC22A16E622008C5528 /* PreeshApp.swift */ = {isa = PBXFileReference; lastKnownFileType = sourcecode.swift; path = PreeshApp.swift; sourceTree = "<group>"; };
		4BF5BBC42A16E622008C5528 /* ContentView.swift */ = {isa = PBXFileReference; lastKnownFileType = sourcecode.swift; path = ContentView.swift; sourceTree = "<group>"; };
		4BF5BBC62A16E624008C5528 /* Assets.xcassets */ = {isa = PBXFileReference; lastKnownFileType = folder.assetcatalog; path = Assets.xcassets; sourceTree = "<group>"; };
		4BF5BBC92A16E624008C5528 /* Preview Assets.xcassets */ = {isa = PBXFileReference; lastKnownFileType = folder.assetcatalog; path = "Preview Assets.xcassets"; sourceTree = "<group>"; };
		4BF5BBD12A16E641008C5528 /* ProfileView.swift */ = {isa = PBXFileReference; lastKnownFileType = sourcecode.swift; path = ProfileView.swift; sourceTree = "<group>"; };
		4BF5BBD32A16E672008C5528 /* HomeFeedView.swift */ = {isa = PBXFileReference; lastKnownFileType = sourcecode.swift; path = HomeFeedView.swift; sourceTree = "<group>"; };
		4BF5BBD52A16EB79008C5528 /* TabBarView.swift */ = {isa = PBXFileReference; lastKnownFileType = sourcecode.swift; path = TabBarView.swift; sourceTree = "<group>"; };
/* End PBXFileReference section */

/* Begin PBXFrameworksBuildPhase section */
		4BF5BBBC2A16E622008C5528 /* Frameworks */ = {
			isa = PBXFrameworksBuildPhase;
			buildActionMask = 2147483647;
			files = (
			);
			runOnlyForDeploymentPostprocessing = 0;
		};
/* End PBXFrameworksBuildPhase section */

/* Begin PBXGroup section */
		4B41A4E42A1C149C0005A45A /* Custom */ = {
			isa = PBXGroup;
			children = (
				4B41A4E52A1C14C30005A45A /* CustomColor.swift */,
			);
			path = Custom;
			sourceTree = "<group>";
		};
		4B41A4E72A1C1C450005A45A /* Helpers */ = {
			isa = PBXGroup;
			children = (
				4B41A4E82A1C1C540005A45A /* ImagePicker.swift */,
			);
			path = Helpers;
			sourceTree = "<group>";
		};
		4B41A4EA2A1C1E170005A45A /* Models */ = {
			isa = PBXGroup;
			children = (
				4B41A4EB2A1C1E240005A45A /* ProfileModel.swift */,
				4B41A4ED2A1C21790005A45A /* ProfileImage.swift */,
			);
			path = Models;
			sourceTree = "<group>";
		};
		4BF5BBB62A16E622008C5528 = {
			isa = PBXGroup;
			children = (
				4BF5BBC12A16E622008C5528 /* Preesh */,
				4BF5BBC02A16E622008C5528 /* Products */,
			);
			sourceTree = "<group>";
		};
		4BF5BBC02A16E622008C5528 /* Products */ = {
			isa = PBXGroup;
			children = (
				4BF5BBBF2A16E622008C5528 /* Preesh.app */,
			);
			name = Products;
			sourceTree = "<group>";
		};
		4BF5BBC12A16E622008C5528 /* Preesh */ = {
			isa = PBXGroup;
			children = (
				4BF5BBC22A16E622008C5528 /* PreeshApp.swift */,
				4B41A4EA2A1C1E170005A45A /* Models */,
				4B41A4E72A1C1C450005A45A /* Helpers */,
				4B41A4E42A1C149C0005A45A /* Custom */,
				4BF5BBD02A16E62F008C5528 /* Views */,
				4BF5BBC62A16E624008C5528 /* Assets.xcassets */,
				4BF5BBC82A16E624008C5528 /* Preview Content */,
			);
			path = Preesh;
			sourceTree = "<group>";
		};
		4BF5BBC82A16E624008C5528 /* Preview Content */ = {
			isa = PBXGroup;
			children = (
				4BF5BBC92A16E624008C5528 /* Preview Assets.xcassets */,
			);
			path = "Preview Content";
			sourceTree = "<group>";
		};
		4BF5BBD02A16E62F008C5528 /* Views */ = {
			isa = PBXGroup;
			children = (
				4BF5BBC42A16E622008C5528 /* ContentView.swift */,
				4BF5BBD12A16E641008C5528 /* ProfileView.swift */,
				4BF5BBD32A16E672008C5528 /* HomeFeedView.swift */,
				4BF5BBD52A16EB79008C5528 /* TabBarView.swift */,
			);
			path = Views;
			sourceTree = "<group>";
		};
/* End PBXGroup section */

/* Begin PBXNativeTarget section */
		4BF5BBBE2A16E622008C5528 /* Preesh */ = {
			isa = PBXNativeTarget;
			buildConfigurationList = 4BF5BBCD2A16E624008C5528 /* Build configuration list for PBXNativeTarget "Preesh" */;
			buildPhases = (
				4BF5BBBB2A16E622008C5528 /* Sources */,
				4BF5BBBC2A16E622008C5528 /* Frameworks */,
				4BF5BBBD2A16E622008C5528 /* Resources */,
			);
			buildRules = (
			);
			dependencies = (
			);
			name = Preesh;
			productName = Preesh;
			productReference = 4BF5BBBF2A16E622008C5528 /* Preesh.app */;
			productType = "com.apple.product-type.application";
		};
/* End PBXNativeTarget section */

/* Begin PBXProject section */
		4BF5BBB72A16E622008C5528 /* Project object */ = {
			isa = PBXProject;
			attributes = {
				BuildIndependentTargetsInParallel = 1;
				LastSwiftUpdateCheck = 1430;
				LastUpgradeCheck = 1430;
				TargetAttributes = {
					4BF5BBBE2A16E622008C5528 = {
						CreatedOnToolsVersion = 14.3;
					};
				};
			};
			buildConfigurationList = 4BF5BBBA2A16E622008C5528 /* Build configuration list for PBXProject "Preesh" */;
			compatibilityVersion = "Xcode 14.0";
			developmentRegion = en;
			hasScannedForEncodings = 0;
			knownRegions = (
				en,
				Base,
			);
			mainGroup = 4BF5BBB62A16E622008C5528;
			productRefGroup = 4BF5BBC02A16E622008C5528 /* Products */;
			projectDirPath = "";
			projectRoot = "";
			targets = (
				4BF5BBBE2A16E622008C5528 /* Preesh */,
			);
		};
/* End PBXProject section */

/* Begin PBXResourcesBuildPhase section */
		4BF5BBBD2A16E622008C5528 /* Resources */ = {
			isa = PBXResourcesBuildPhase;
			buildActionMask = 2147483647;
			files = (
				4BF5BBCA2A16E624008C5528 /* Preview Assets.xcassets in Resources */,
				4BF5BBC72A16E624008C5528 /* Assets.xcassets in Resources */,
			);
			runOnlyForDeploymentPostprocessing = 0;
		};
/* End PBXResourcesBuildPhase section */

/* Begin PBXSourcesBuildPhase section */
		4BF5BBBB2A16E622008C5528 /* Sources */ = {
			isa = PBXSourcesBuildPhase;
			buildActionMask = 2147483647;
			files = (
				4B41A4E92A1C1C540005A45A /* ImagePicker.swift in Sources */,
				4BF5BBC52A16E622008C5528 /* ContentView.swift in Sources */,
				4BF5BBD42A16E672008C5528 /* HomeFeedView.swift in Sources */,
				4BF5BBD22A16E641008C5528 /* ProfileView.swift in Sources */,
				4B41A4EE2A1C21790005A45A /* ProfileImage.swift in Sources */,
				4BF5BBD62A16EB79008C5528 /* TabBarView.swift in Sources */,
				4B41A4E62A1C14C30005A45A /* CustomColor.swift in Sources */,
				4BF5BBC32A16E622008C5528 /* PreeshApp.swift in Sources */,
				4B41A4EC2A1C1E240005A45A /* ProfileModel.swift in Sources */,
			);
			runOnlyForDeploymentPostprocessing = 0;
		};
/* End PBXSourcesBuildPhase section */

/* Begin XCBuildConfiguration section */
		4BF5BBCB2A16E624008C5528 /* Debug */ = {
			isa = XCBuildConfiguration;
			buildSettings = {
				ALWAYS_SEARCH_USER_PATHS = NO;
				CLANG_ANALYZER_NONNULL = YES;
				CLANG_ANALYZER_NUMBER_OBJECT_CONVERSION = YES_AGGRESSIVE;
				CLANG_CXX_LANGUAGE_STANDARD = "gnu++20";
				CLANG_ENABLE_MODULES = YES;
				CLANG_ENABLE_OBJC_ARC = YES;
				CLANG_ENABLE_OBJC_WEAK = YES;
				CLANG_WARN_BLOCK_CAPTURE_AUTORELEASING = YES;
				CLANG_WARN_BOOL_CONVERSION = YES;
				CLANG_WARN_COMMA = YES;
				CLANG_WARN_CONSTANT_CONVERSION = YES;
				CLANG_WARN_DEPRECATED_OBJC_IMPLEMENTATIONS = YES;
				CLANG_WARN_DIRECT_OBJC_ISA_USAGE = YES_ERROR;
				CLANG_WARN_DOCUMENTATION_COMMENTS = YES;
				CLANG_WARN_EMPTY_BODY = YES;
				CLANG_WARN_ENUM_CONVERSION = YES;
				CLANG_WARN_INFINITE_RECURSION = YES;
				CLANG_WARN_INT_CONVERSION = YES;
				CLANG_WARN_NON_LITERAL_NULL_CONVERSION = YES;
				CLANG_WARN_OBJC_IMPLICIT_RETAIN_SELF = YES;
				CLANG_WARN_OBJC_LITERAL_CONVERSION = YES;
				CLANG_WARN_OBJC_ROOT_CLASS = YES_ERROR;
				CLANG_WARN_QUOTED_INCLUDE_IN_FRAMEWORK_HEADER = YES;
				CLANG_WARN_RANGE_LOOP_ANALYSIS = YES;
				CLANG_WARN_STRICT_PROTOTYPES = YES;
				CLANG_WARN_SUSPICIOUS_MOVE = YES;
				CLANG_WARN_UNGUARDED_AVAILABILITY = YES_AGGRESSIVE;
				CLANG_WARN_UNREACHABLE_CODE = YES;
				CLANG_WARN__DUPLICATE_METHOD_MATCH = YES;
				COPY_PHASE_STRIP = NO;
				DEBUG_INFORMATION_FORMAT = dwarf;
				ENABLE_STRICT_OBJC_MSGSEND = YES;
				ENABLE_TESTABILITY = YES;
				GCC_C_LANGUAGE_STANDARD = gnu11;
				GCC_DYNAMIC_NO_PIC = NO;
				GCC_NO_COMMON_BLOCKS = YES;
				GCC_OPTIMIZATION_LEVEL = 0;
				GCC_PREPROCESSOR_DEFINITIONS = (
					"DEBUG=1",
					"$(inherited)",
				);
				GCC_WARN_64_TO_32_BIT_CONVERSION = YES;
				GCC_WARN_ABOUT_RETURN_TYPE = YES_ERROR;
				GCC_WARN_UNDECLARED_SELECTOR = YES;
				GCC_WARN_UNINITIALIZED_AUTOS = YES_AGGRESSIVE;
				GCC_WARN_UNUSED_FUNCTION = YES;
				GCC_WARN_UNUSED_VARIABLE = YES;
				IPHONEOS_DEPLOYMENT_TARGET = 16.4;
				MTL_ENABLE_DEBUG_INFO = INCLUDE_SOURCE;
				MTL_FAST_MATH = YES;
				ONLY_ACTIVE_ARCH = YES;
				SDKROOT = iphoneos;
				SWIFT_ACTIVE_COMPILATION_CONDITIONS = DEBUG;
				SWIFT_OPTIMIZATION_LEVEL = "-Onone";
			};
			name = Debug;
		};
		4BF5BBCC2A16E624008C5528 /* Release */ = {
			isa = XCBuildConfiguration;
			buildSettings = {
				ALWAYS_SEARCH_USER_PATHS = NO;
				CLANG_ANALYZER_NONNULL = YES;
				CLANG_ANALYZER_NUMBER_OBJECT_CONVERSION = YES_AGGRESSIVE;
				CLANG_CXX_LANGUAGE_STANDARD = "gnu++20";
				CLANG_ENABLE_MODULES = YES;
				CLANG_ENABLE_OBJC_ARC = YES;
				CLANG_ENABLE_OBJC_WEAK = YES;
				CLANG_WARN_BLOCK_CAPTURE_AUTORELEASING = YES;
				CLANG_WARN_BOOL_CONVERSION = YES;
				CLANG_WARN_COMMA = YES;
				CLANG_WARN_CONSTANT_CONVERSION = YES;
				CLANG_WARN_DEPRECATED_OBJC_IMPLEMENTATIONS = YES;
				CLANG_WARN_DIRECT_OBJC_ISA_USAGE = YES_ERROR;
				CLANG_WARN_DOCUMENTATION_COMMENTS = YES;
				CLANG_WARN_EMPTY_BODY = YES;
				CLANG_WARN_ENUM_CONVERSION = YES;
				CLANG_WARN_INFINITE_RECURSION = YES;
				CLANG_WARN_INT_CONVERSION = YES;
				CLANG_WARN_NON_LITERAL_NULL_CONVERSION = YES;
				CLANG_WARN_OBJC_IMPLICIT_RETAIN_SELF = YES;
				CLANG_WARN_OBJC_LITERAL_CONVERSION = YES;
				CLANG_WARN_OBJC_ROOT_CLASS = YES_ERROR;
				CLANG_WARN_QUOTED_INCLUDE_IN_FRAMEWORK_HEADER = YES;
				CLANG_WARN_RANGE_LOOP_ANALYSIS = YES;
				CLANG_WARN_STRICT_PROTOTYPES = YES;
				CLANG_WARN_SUSPICIOUS_MOVE = YES;
				CLANG_WARN_UNGUARDED_AVAILABILITY = YES_AGGRESSIVE;
				CLANG_WARN_UNREACHABLE_CODE = YES;
				CLANG_WARN__DUPLICATE_METHOD_MATCH = YES;
				COPY_PHASE_STRIP = NO;
				DEBUG_INFORMATION_FORMAT = "dwarf-with-dsym";
				ENABLE_NS_ASSERTIONS = NO;
				ENABLE_STRICT_OBJC_MSGSEND = YES;
				GCC_C_LANGUAGE_STANDARD = gnu11;
				GCC_NO_COMMON_BLOCKS = YES;
				GCC_WARN_64_TO_32_BIT_CONVERSION = YES;
				GCC_WARN_ABOUT_RETURN_TYPE = YES_ERROR;
				GCC_WARN_UNDECLARED_SELECTOR = YES;
				GCC_WARN_UNINITIALIZED_AUTOS = YES_AGGRESSIVE;
				GCC_WARN_UNUSED_FUNCTION = YES;
				GCC_WARN_UNUSED_VARIABLE = YES;
				IPHONEOS_DEPLOYMENT_TARGET = 16.4;
				MTL_ENABLE_DEBUG_INFO = NO;
				MTL_FAST_MATH = YES;
				SDKROOT = iphoneos;
				SWIFT_COMPILATION_MODE = wholemodule;
				SWIFT_OPTIMIZATION_LEVEL = "-O";
				VALIDATE_PRODUCT = YES;
			};
			name = Release;
		};
		4BF5BBCE2A16E624008C5528 /* Debug */ = {
			isa = XCBuildConfiguration;
			buildSettings = {
				ASSETCATALOG_COMPILER_APPICON_NAME = AppIcon;
				ASSETCATALOG_COMPILER_GLOBAL_ACCENT_COLOR_NAME = AccentColor;
				CODE_SIGN_STYLE = Automatic;
				CURRENT_PROJECT_VERSION = 1;
				DEVELOPMENT_ASSET_PATHS = "\"Preesh/Preview Content\"";
				DEVELOPMENT_TEAM = QNRZCZCWSJ;
				ENABLE_PREVIEWS = YES;
				GENERATE_INFOPLIST_FILE = YES;
				INFOPLIST_KEY_UIApplicationSceneManifest_Generation = YES;
				INFOPLIST_KEY_UIApplicationSupportsIndirectInputEvents = YES;
				INFOPLIST_KEY_UILaunchScreen_Generation = YES;
				INFOPLIST_KEY_UISupportedInterfaceOrientations_iPad = "UIInterfaceOrientationPortrait UIInterfaceOrientationPortraitUpsideDown UIInterfaceOrientationLandscapeLeft UIInterfaceOrientationLandscapeRight";
				INFOPLIST_KEY_UISupportedInterfaceOrientations_iPhone = "UIInterfaceOrientationPortrait UIInterfaceOrientationLandscapeLeft UIInterfaceOrientationLandscapeRight";
				LD_RUNPATH_SEARCH_PATHS = (
					"$(inherited)",
					"@executable_path/Frameworks",
				);
				MARKETING_VERSION = 1.0;
				PRODUCT_BUNDLE_IDENTIFIER = com.kuivila.Preesh;
				PRODUCT_NAME = "$(TARGET_NAME)";
				SWIFT_EMIT_LOC_STRINGS = YES;
				SWIFT_VERSION = 5.0;
				TARGETED_DEVICE_FAMILY = "1,2";
			};
			name = Debug;
		};
		4BF5BBCF2A16E624008C5528 /* Release */ = {
			isa = XCBuildConfiguration;
			buildSettings = {
				ASSETCATALOG_COMPILER_APPICON_NAME = AppIcon;
				ASSETCATALOG_COMPILER_GLOBAL_ACCENT_COLOR_NAME = AccentColor;
				CODE_SIGN_STYLE = Automatic;
				CURRENT_PROJECT_VERSION = 1;
				DEVELOPMENT_ASSET_PATHS = "\"Preesh/Preview Content\"";
				DEVELOPMENT_TEAM = QNRZCZCWSJ;
				ENABLE_PREVIEWS = YES;
				GENERATE_INFOPLIST_FILE = YES;
				INFOPLIST_KEY_UIApplicationSceneManifest_Generation = YES;
				INFOPLIST_KEY_UIApplicationSupportsIndirectInputEvents = YES;
				INFOPLIST_KEY_UILaunchScreen_Generation = YES;
				INFOPLIST_KEY_UISupportedInterfaceOrientations_iPad = "UIInterfaceOrientationPortrait UIInterfaceOrientationPortraitUpsideDown UIInterfaceOrientationLandscapeLeft UIInterfaceOrientationLandscapeRight";
				INFOPLIST_KEY_UISupportedInterfaceOrientations_iPhone = "UIInterfaceOrientationPortrait UIInterfaceOrientationLandscapeLeft UIInterfaceOrientationLandscapeRight";
				LD_RUNPATH_SEARCH_PATHS = (
					"$(inherited)",
					"@executable_path/Frameworks",
				);
				MARKETING_VERSION = 1.0;
				PRODUCT_BUNDLE_IDENTIFIER = com.kuivila.Preesh;
				PRODUCT_NAME = "$(TARGET_NAME)";
				SWIFT_EMIT_LOC_STRINGS = YES;
				SWIFT_VERSION = 5.0;
				TARGETED_DEVICE_FAMILY = "1,2";
			};
			name = Release;
		};
/* End XCBuildConfiguration section */

/* Begin XCConfigurationList section */
		4BF5BBBA2A16E622008C5528 /* Build configuration list for PBXProject "Preesh" */ = {
			isa = XCConfigurationList;
			buildConfigurations = (
				4BF5BBCB2A16E624008C5528 /* Debug */,
				4BF5BBCC2A16E624008C5528 /* Release */,
			);
			defaultConfigurationIsVisible = 0;
			defaultConfigurationName = Release;
		};
		4BF5BBCD2A16E624008C5528 /* Build configuration list for PBXNativeTarget "Preesh" */ = {
			isa = XCConfigurationList;
			buildConfigurations = (
				4BF5BBCE2A16E624008C5528 /* Debug */,
				4BF5BBCF2A16E624008C5528 /* Release */,
			);
			defaultConfigurationIsVisible = 0;
			defaultConfigurationName = Release;
		};
/* End XCConfigurationList section */
	};
	rootObject = 4BF5BBB72A16E622008C5528 /* Project object */;
}
