// !$*UTF8*$!
{
	archiveVersion = 1;
	classes = {
	};
	objectVersion = 56;
	objects = {

/* Begin PBXBuildFile section */
		4B4A00012BA20B670083D7B9 /* FirebaseRemoteConfig in Frameworks */ = {isa = PBXBuildFile; productRef = 4B4A00002BA20B670083D7B9 /* FirebaseRemoteConfig */; };
		4B4A00032BA20B670083D7B9 /* FirebaseRemoteConfigSwift in Frameworks */ = {isa = PBXBuildFile; productRef = 4B4A00022BA20B670083D7B9 /* FirebaseRemoteConfigSwift */; };
		4B4A00052BA20B670083D7B9 /* FirebaseStorage in Frameworks */ = {isa = PBXBuildFile; productRef = 4B4A00042BA20B670083D7B9 /* FirebaseStorage */; };
		4B4A00072BA20B670083D7B9 /* FirebaseStorageCombine-Community in Frameworks */ = {isa = PBXBuildFile; productRef = 4B4A00062BA20B670083D7B9 /* FirebaseStorageCombine-Community */; };
		4B4A000B2BA20E510083D7B9 /* RegistrationViewModel.swift in Sources */ = {isa = PBXBuildFile; fileRef = 4B4A000A2BA20E510083D7B9 /* RegistrationViewModel.swift */; };
		4B4A000D2BA20F350083D7B9 /* AuthService.swift in Sources */ = {isa = PBXBuildFile; fileRef = 4B4A000C2BA20F350083D7B9 /* AuthService.swift */; };
		4B4A00132BA23F160083D7B9 /* ContentViewModel.swift in Sources */ = {isa = PBXBuildFile; fileRef = 4B4A00122BA23F160083D7B9 /* ContentViewModel.swift */; };
		4B4A00182BA295830083D7B9 /* SideBarView.swift in Sources */ = {isa = PBXBuildFile; fileRef = 4B4A00172BA295830083D7B9 /* SideBarView.swift */; };
		4B4A001A2BA295E30083D7B9 /* SideBarViewModel.swift in Sources */ = {isa = PBXBuildFile; fileRef = 4B4A00192BA295E30083D7B9 /* SideBarViewModel.swift */; };
		4B4A001C2BA296170083D7B9 /* SideBarOptionRowView.swift in Sources */ = {isa = PBXBuildFile; fileRef = 4B4A001B2BA296170083D7B9 /* SideBarOptionRowView.swift */; };
		4B4A001E2BA296C50083D7B9 /* UserStatsView.swift in Sources */ = {isa = PBXBuildFile; fileRef = 4B4A001D2BA296C50083D7B9 /* UserStatsView.swift */; };
		4B4A00202BA29CB90083D7B9 /* LoginViewModel.swift in Sources */ = {isa = PBXBuildFile; fileRef = 4B4A001F2BA29CB90083D7B9 /* LoginViewModel.swift */; };
		4B4AFF882B9F92840083D7B9 /* Preesh4_0App.swift in Sources */ = {isa = PBXBuildFile; fileRef = 4B4AFF872B9F92840083D7B9 /* Preesh4_0App.swift */; };
		4B4AFF8A2B9F92840083D7B9 /* ContentView.swift in Sources */ = {isa = PBXBuildFile; fileRef = 4B4AFF892B9F92840083D7B9 /* ContentView.swift */; };
		4B4AFF8C2B9F92850083D7B9 /* Assets.xcassets in Resources */ = {isa = PBXBuildFile; fileRef = 4B4AFF8B2B9F92850083D7B9 /* Assets.xcassets */; };
		4B4AFF8F2B9F92850083D7B9 /* Preview Assets.xcassets in Resources */ = {isa = PBXBuildFile; fileRef = 4B4AFF8E2B9F92850083D7B9 /* Preview Assets.xcassets */; };
		4B4AFFA02B9F935D0083D7B9 /* LoginView.swift in Sources */ = {isa = PBXBuildFile; fileRef = 4B4AFF9F2B9F935D0083D7B9 /* LoginView.swift */; };
		4B4AFFA22B9F98120083D7B9 /* AuthHeaderView.swift in Sources */ = {isa = PBXBuildFile; fileRef = 4B4AFFA12B9F98110083D7B9 /* AuthHeaderView.swift */; };
		4B4AFFA42B9F984B0083D7B9 /* CustomInputFieldView.swift in Sources */ = {isa = PBXBuildFile; fileRef = 4B4AFFA32B9F984B0083D7B9 /* CustomInputFieldView.swift */; };
		4B4AFFA72B9F9AC60083D7B9 /* RegistrationView.swift in Sources */ = {isa = PBXBuildFile; fileRef = 4B4AFFA62B9F9AC60083D7B9 /* RegistrationView.swift */; };
		4B4AFFAA2B9F9E480083D7B9 /* PreeshTabView.swift in Sources */ = {isa = PBXBuildFile; fileRef = 4B4AFFA92B9F9E480083D7B9 /* PreeshTabView.swift */; };
		4B4AFFAE2B9FA4550083D7B9 /* FeedView.swift in Sources */ = {isa = PBXBuildFile; fileRef = 4B4AFFAD2B9FA4550083D7B9 /* FeedView.swift */; };
		4B4AFFB62B9FA4E60083D7B9 /* ProfileView.swift in Sources */ = {isa = PBXBuildFile; fileRef = 4B4AFFB52B9FA4E60083D7B9 /* ProfileView.swift */; };
		4B4AFFBA2B9FA55E0083D7B9 /* NewGiftView.swift in Sources */ = {isa = PBXBuildFile; fileRef = 4B4AFFB92B9FA55E0083D7B9 /* NewGiftView.swift */; };
		4B4AFFBC2B9FA6140083D7B9 /* ExploreView.swift in Sources */ = {isa = PBXBuildFile; fileRef = 4B4AFFBB2B9FA6140083D7B9 /* ExploreView.swift */; };
		4B4AFFBE2B9FA7360083D7B9 /* GiftCell.swift in Sources */ = {isa = PBXBuildFile; fileRef = 4B4AFFBD2B9FA7360083D7B9 /* GiftCell.swift */; };
		4B4AFFC02B9FAE830083D7B9 /* SearchBar.swift in Sources */ = {isa = PBXBuildFile; fileRef = 4B4AFFBF2B9FAE830083D7B9 /* SearchBar.swift */; };
		4B4AFFC22B9FB2160083D7B9 /* UserRowView.swift in Sources */ = {isa = PBXBuildFile; fileRef = 4B4AFFC12B9FB2160083D7B9 /* UserRowView.swift */; };
		4B4AFFC42B9FB2430083D7B9 /* UserModel.swift in Sources */ = {isa = PBXBuildFile; fileRef = 4B4AFFC32B9FB2430083D7B9 /* UserModel.swift */; };
		4B4AFFC72B9FB5150083D7B9 /* CircularProfileImageView.swift in Sources */ = {isa = PBXBuildFile; fileRef = 4B4AFFC62B9FB5150083D7B9 /* CircularProfileImageView.swift */; };
		4B4AFFCA2BA0F4220083D7B9 /* ProfileFilter.swift in Sources */ = {isa = PBXBuildFile; fileRef = 4B4AFFC92BA0F4220083D7B9 /* ProfileFilter.swift */; };
		4B4AFFCE2BA0FBE80083D7B9 /* EditProfileView.swift in Sources */ = {isa = PBXBuildFile; fileRef = 4B4AFFCD2BA0FBE80083D7B9 /* EditProfileView.swift */; };
		4B4AFFD02BA20A0B0083D7B9 /* GoogleService-Info.plist in Resources */ = {isa = PBXBuildFile; fileRef = 4B4AFFCF2BA20A0B0083D7B9 /* GoogleService-Info.plist */; };
		4B4AFFD32BA20B670083D7B9 /* FirebaseAnalytics in Frameworks */ = {isa = PBXBuildFile; productRef = 4B4AFFD22BA20B670083D7B9 /* FirebaseAnalytics */; };
		4B4AFFD52BA20B670083D7B9 /* FirebaseAnalyticsOnDeviceConversion in Frameworks */ = {isa = PBXBuildFile; productRef = 4B4AFFD42BA20B670083D7B9 /* FirebaseAnalyticsOnDeviceConversion */; };
		4B4AFFD72BA20B670083D7B9 /* FirebaseAnalyticsSwift in Frameworks */ = {isa = PBXBuildFile; productRef = 4B4AFFD62BA20B670083D7B9 /* FirebaseAnalyticsSwift */; };
		4B4AFFD92BA20B670083D7B9 /* FirebaseAnalyticsWithoutAdIdSupport in Frameworks */ = {isa = PBXBuildFile; productRef = 4B4AFFD82BA20B670083D7B9 /* FirebaseAnalyticsWithoutAdIdSupport */; };
		4B4AFFDB2BA20B670083D7B9 /* FirebaseAppCheck in Frameworks */ = {isa = PBXBuildFile; productRef = 4B4AFFDA2BA20B670083D7B9 /* FirebaseAppCheck */; };
		4B4AFFDD2BA20B670083D7B9 /* FirebaseAppDistribution-Beta in Frameworks */ = {isa = PBXBuildFile; productRef = 4B4AFFDC2BA20B670083D7B9 /* FirebaseAppDistribution-Beta */; };
		4B4AFFDF2BA20B670083D7B9 /* FirebaseAuth in Frameworks */ = {isa = PBXBuildFile; productRef = 4B4AFFDE2BA20B670083D7B9 /* FirebaseAuth */; };
		4B4AFFE12BA20B670083D7B9 /* FirebaseAuthCombine-Community in Frameworks */ = {isa = PBXBuildFile; productRef = 4B4AFFE02BA20B670083D7B9 /* FirebaseAuthCombine-Community */; };
		4B4AFFE32BA20B670083D7B9 /* FirebaseCrashlytics in Frameworks */ = {isa = PBXBuildFile; productRef = 4B4AFFE22BA20B670083D7B9 /* FirebaseCrashlytics */; };
		4B4AFFE52BA20B670083D7B9 /* FirebaseDatabase in Frameworks */ = {isa = PBXBuildFile; productRef = 4B4AFFE42BA20B670083D7B9 /* FirebaseDatabase */; };
		4B4AFFE72BA20B670083D7B9 /* FirebaseDatabaseSwift in Frameworks */ = {isa = PBXBuildFile; productRef = 4B4AFFE62BA20B670083D7B9 /* FirebaseDatabaseSwift */; };
		4B4AFFE92BA20B670083D7B9 /* FirebaseDynamicLinks in Frameworks */ = {isa = PBXBuildFile; productRef = 4B4AFFE82BA20B670083D7B9 /* FirebaseDynamicLinks */; };
		4B4AFFEB2BA20B670083D7B9 /* FirebaseFirestore in Frameworks */ = {isa = PBXBuildFile; productRef = 4B4AFFEA2BA20B670083D7B9 /* FirebaseFirestore */; };
		4B4AFFED2BA20B670083D7B9 /* FirebaseFirestoreCombine-Community in Frameworks */ = {isa = PBXBuildFile; productRef = 4B4AFFEC2BA20B670083D7B9 /* FirebaseFirestoreCombine-Community */; };
		4B4AFFEF2BA20B670083D7B9 /* FirebaseFirestoreSwift in Frameworks */ = {isa = PBXBuildFile; productRef = 4B4AFFEE2BA20B670083D7B9 /* FirebaseFirestoreSwift */; };
		4B4AFFF12BA20B670083D7B9 /* FirebaseFunctions in Frameworks */ = {isa = PBXBuildFile; productRef = 4B4AFFF02BA20B670083D7B9 /* FirebaseFunctions */; };
		4B4AFFF32BA20B670083D7B9 /* FirebaseFunctionsCombine-Community in Frameworks */ = {isa = PBXBuildFile; productRef = 4B4AFFF22BA20B670083D7B9 /* FirebaseFunctionsCombine-Community */; };
		4B4AFFF52BA20B670083D7B9 /* FirebaseInAppMessaging-Beta in Frameworks */ = {isa = PBXBuildFile; productRef = 4B4AFFF42BA20B670083D7B9 /* FirebaseInAppMessaging-Beta */; };
		4B4AFFF72BA20B670083D7B9 /* FirebaseInAppMessagingSwift-Beta in Frameworks */ = {isa = PBXBuildFile; productRef = 4B4AFFF62BA20B670083D7B9 /* FirebaseInAppMessagingSwift-Beta */; };
		4B4AFFF92BA20B670083D7B9 /* FirebaseInstallations in Frameworks */ = {isa = PBXBuildFile; productRef = 4B4AFFF82BA20B670083D7B9 /* FirebaseInstallations */; };
		4B4AFFFB2BA20B670083D7B9 /* FirebaseMLModelDownloader in Frameworks */ = {isa = PBXBuildFile; productRef = 4B4AFFFA2BA20B670083D7B9 /* FirebaseMLModelDownloader */; };
		4B4AFFFD2BA20B670083D7B9 /* FirebaseMessaging in Frameworks */ = {isa = PBXBuildFile; productRef = 4B4AFFFC2BA20B670083D7B9 /* FirebaseMessaging */; };
		4B4AFFFF2BA20B670083D7B9 /* FirebasePerformance in Frameworks */ = {isa = PBXBuildFile; productRef = 4B4AFFFE2BA20B670083D7B9 /* FirebasePerformance */; };
		4BF465B92BB4DBC500BD00E6 /* UserService.swift in Sources */ = {isa = PBXBuildFile; fileRef = 4BF465B82BB4DBC500BD00E6 /* UserService.swift */; };
		4BF465BC2BB4DCAD00BD00E6 /* CurrentUserProfileViewModel.swift in Sources */ = {isa = PBXBuildFile; fileRef = 4BF465BB2BB4DCAD00BD00E6 /* CurrentUserProfileViewModel.swift */; };
		4BF465BF2BB5FE4900BD00E6 /* ExploreViewModel.swift in Sources */ = {isa = PBXBuildFile; fileRef = 4BF465BE2BB5FE4900BD00E6 /* ExploreViewModel.swift */; };
		4BF465C12BB6033300BD00E6 /* PreviewDataProvider.swift in Sources */ = {isa = PBXBuildFile; fileRef = 4BF465C02BB6033300BD00E6 /* PreviewDataProvider.swift */; };
		4BF465C42BB60BB200BD00E6 /* SettingsView.swift in Sources */ = {isa = PBXBuildFile; fileRef = 4BF465C32BB60BB200BD00E6 /* SettingsView.swift */; };
		4BF465C82BB60E4500BD00E6 /* CurrentUserProfileView.swift in Sources */ = {isa = PBXBuildFile; fileRef = 4BF465C72BB60E4500BD00E6 /* CurrentUserProfileView.swift */; };
		4BF465CC2BB615F900BD00E6 /* ProfileHeaderView.swift in Sources */ = {isa = PBXBuildFile; fileRef = 4BF465CB2BB615F900BD00E6 /* ProfileHeaderView.swift */; };
		4BF465CE2BB617DB00BD00E6 /* UserContentListView.swift in Sources */ = {isa = PBXBuildFile; fileRef = 4BF465CD2BB617DB00BD00E6 /* UserContentListView.swift */; };
/* End PBXBuildFile section */

/* Begin PBXFileReference section */
		4B4A000A2BA20E510083D7B9 /* RegistrationViewModel.swift */ = {isa = PBXFileReference; lastKnownFileType = sourcecode.swift; path = RegistrationViewModel.swift; sourceTree = "<group>"; };
		4B4A000C2BA20F350083D7B9 /* AuthService.swift */ = {isa = PBXFileReference; lastKnownFileType = sourcecode.swift; path = AuthService.swift; sourceTree = "<group>"; };
		4B4A00122BA23F160083D7B9 /* ContentViewModel.swift */ = {isa = PBXFileReference; lastKnownFileType = sourcecode.swift; path = ContentViewModel.swift; sourceTree = "<group>"; };
		4B4A00172BA295830083D7B9 /* SideBarView.swift */ = {isa = PBXFileReference; lastKnownFileType = sourcecode.swift; path = SideBarView.swift; sourceTree = "<group>"; };
		4B4A00192BA295E30083D7B9 /* SideBarViewModel.swift */ = {isa = PBXFileReference; lastKnownFileType = sourcecode.swift; path = SideBarViewModel.swift; sourceTree = "<group>"; };
		4B4A001B2BA296170083D7B9 /* SideBarOptionRowView.swift */ = {isa = PBXFileReference; lastKnownFileType = sourcecode.swift; path = SideBarOptionRowView.swift; sourceTree = "<group>"; };
		4B4A001D2BA296C50083D7B9 /* UserStatsView.swift */ = {isa = PBXFileReference; lastKnownFileType = sourcecode.swift; path = UserStatsView.swift; sourceTree = "<group>"; };
		4B4A001F2BA29CB90083D7B9 /* LoginViewModel.swift */ = {isa = PBXFileReference; lastKnownFileType = sourcecode.swift; path = LoginViewModel.swift; sourceTree = "<group>"; };
		4B4AFF842B9F92840083D7B9 /* Preesh4.0.app */ = {isa = PBXFileReference; explicitFileType = wrapper.application; includeInIndex = 0; path = Preesh4.0.app; sourceTree = BUILT_PRODUCTS_DIR; };
		4B4AFF872B9F92840083D7B9 /* Preesh4_0App.swift */ = {isa = PBXFileReference; lastKnownFileType = sourcecode.swift; path = Preesh4_0App.swift; sourceTree = "<group>"; };
		4B4AFF892B9F92840083D7B9 /* ContentView.swift */ = {isa = PBXFileReference; lastKnownFileType = sourcecode.swift; path = ContentView.swift; sourceTree = "<group>"; };
		4B4AFF8B2B9F92850083D7B9 /* Assets.xcassets */ = {isa = PBXFileReference; lastKnownFileType = folder.assetcatalog; path = Assets.xcassets; sourceTree = "<group>"; };
		4B4AFF8E2B9F92850083D7B9 /* Preview Assets.xcassets */ = {isa = PBXFileReference; lastKnownFileType = folder.assetcatalog; path = "Preview Assets.xcassets"; sourceTree = "<group>"; };
		4B4AFF9F2B9F935D0083D7B9 /* LoginView.swift */ = {isa = PBXFileReference; lastKnownFileType = sourcecode.swift; path = LoginView.swift; sourceTree = "<group>"; };
		4B4AFFA12B9F98110083D7B9 /* AuthHeaderView.swift */ = {isa = PBXFileReference; lastKnownFileType = sourcecode.swift; path = AuthHeaderView.swift; sourceTree = "<group>"; };
		4B4AFFA32B9F984B0083D7B9 /* CustomInputFieldView.swift */ = {isa = PBXFileReference; lastKnownFileType = sourcecode.swift; path = CustomInputFieldView.swift; sourceTree = "<group>"; };
		4B4AFFA62B9F9AC60083D7B9 /* RegistrationView.swift */ = {isa = PBXFileReference; lastKnownFileType = sourcecode.swift; path = RegistrationView.swift; sourceTree = "<group>"; };
		4B4AFFA92B9F9E480083D7B9 /* PreeshTabView.swift */ = {isa = PBXFileReference; lastKnownFileType = sourcecode.swift; path = PreeshTabView.swift; sourceTree = "<group>"; };
		4B4AFFAD2B9FA4550083D7B9 /* FeedView.swift */ = {isa = PBXFileReference; lastKnownFileType = sourcecode.swift; path = FeedView.swift; sourceTree = "<group>"; };
		4B4AFFB52B9FA4E60083D7B9 /* ProfileView.swift */ = {isa = PBXFileReference; lastKnownFileType = sourcecode.swift; path = ProfileView.swift; sourceTree = "<group>"; };
		4B4AFFB92B9FA55E0083D7B9 /* NewGiftView.swift */ = {isa = PBXFileReference; lastKnownFileType = sourcecode.swift; path = NewGiftView.swift; sourceTree = "<group>"; };
		4B4AFFBB2B9FA6140083D7B9 /* ExploreView.swift */ = {isa = PBXFileReference; lastKnownFileType = sourcecode.swift; path = ExploreView.swift; sourceTree = "<group>"; };
		4B4AFFBD2B9FA7360083D7B9 /* GiftCell.swift */ = {isa = PBXFileReference; lastKnownFileType = sourcecode.swift; path = GiftCell.swift; sourceTree = "<group>"; };
		4B4AFFBF2B9FAE830083D7B9 /* SearchBar.swift */ = {isa = PBXFileReference; lastKnownFileType = sourcecode.swift; path = SearchBar.swift; sourceTree = "<group>"; };
		4B4AFFC12B9FB2160083D7B9 /* UserRowView.swift */ = {isa = PBXFileReference; lastKnownFileType = sourcecode.swift; path = UserRowView.swift; sourceTree = "<group>"; };
		4B4AFFC32B9FB2430083D7B9 /* UserModel.swift */ = {isa = PBXFileReference; lastKnownFileType = sourcecode.swift; path = UserModel.swift; sourceTree = "<group>"; };
		4B4AFFC62B9FB5150083D7B9 /* CircularProfileImageView.swift */ = {isa = PBXFileReference; lastKnownFileType = sourcecode.swift; path = CircularProfileImageView.swift; sourceTree = "<group>"; };
		4B4AFFC92BA0F4220083D7B9 /* ProfileFilter.swift */ = {isa = PBXFileReference; lastKnownFileType = sourcecode.swift; path = ProfileFilter.swift; sourceTree = "<group>"; };
		4B4AFFCD2BA0FBE80083D7B9 /* EditProfileView.swift */ = {isa = PBXFileReference; lastKnownFileType = sourcecode.swift; path = EditProfileView.swift; sourceTree = "<group>"; };
		4B4AFFCF2BA20A0B0083D7B9 /* GoogleService-Info.plist */ = {isa = PBXFileReference; fileEncoding = 4; lastKnownFileType = text.plist.xml; path = "GoogleService-Info.plist"; sourceTree = "<group>"; };
		4BF465B82BB4DBC500BD00E6 /* UserService.swift */ = {isa = PBXFileReference; lastKnownFileType = sourcecode.swift; path = UserService.swift; sourceTree = "<group>"; };
		4BF465BB2BB4DCAD00BD00E6 /* CurrentUserProfileViewModel.swift */ = {isa = PBXFileReference; lastKnownFileType = sourcecode.swift; path = CurrentUserProfileViewModel.swift; sourceTree = "<group>"; };
		4BF465BE2BB5FE4900BD00E6 /* ExploreViewModel.swift */ = {isa = PBXFileReference; lastKnownFileType = sourcecode.swift; path = ExploreViewModel.swift; sourceTree = "<group>"; };
		4BF465C02BB6033300BD00E6 /* PreviewDataProvider.swift */ = {isa = PBXFileReference; lastKnownFileType = sourcecode.swift; path = PreviewDataProvider.swift; sourceTree = "<group>"; };
		4BF465C32BB60BB200BD00E6 /* SettingsView.swift */ = {isa = PBXFileReference; lastKnownFileType = sourcecode.swift; path = SettingsView.swift; sourceTree = "<group>"; };
		4BF465C72BB60E4500BD00E6 /* CurrentUserProfileView.swift */ = {isa = PBXFileReference; lastKnownFileType = sourcecode.swift; path = CurrentUserProfileView.swift; sourceTree = "<group>"; };
		4BF465CB2BB615F900BD00E6 /* ProfileHeaderView.swift */ = {isa = PBXFileReference; lastKnownFileType = sourcecode.swift; path = ProfileHeaderView.swift; sourceTree = "<group>"; };
		4BF465CD2BB617DB00BD00E6 /* UserContentListView.swift */ = {isa = PBXFileReference; lastKnownFileType = sourcecode.swift; path = UserContentListView.swift; sourceTree = "<group>"; };
/* End PBXFileReference section */

/* Begin PBXFrameworksBuildPhase section */
		4B4AFF812B9F92840083D7B9 /* Frameworks */ = {
			isa = PBXFrameworksBuildPhase;
			buildActionMask = 2147483647;
			files = (
				4B4AFFE52BA20B670083D7B9 /* FirebaseDatabase in Frameworks */,
				4B4AFFF32BA20B670083D7B9 /* FirebaseFunctionsCombine-Community in Frameworks */,
				4B4AFFEB2BA20B670083D7B9 /* FirebaseFirestore in Frameworks */,
				4B4AFFD72BA20B670083D7B9 /* FirebaseAnalyticsSwift in Frameworks */,
				4B4AFFD32BA20B670083D7B9 /* FirebaseAnalytics in Frameworks */,
				4B4AFFD52BA20B670083D7B9 /* FirebaseAnalyticsOnDeviceConversion in Frameworks */,
				4B4AFFFB2BA20B670083D7B9 /* FirebaseMLModelDownloader in Frameworks */,
				4B4AFFEF2BA20B670083D7B9 /* FirebaseFirestoreSwift in Frameworks */,
				4B4AFFDB2BA20B670083D7B9 /* FirebaseAppCheck in Frameworks */,
				4B4AFFD92BA20B670083D7B9 /* FirebaseAnalyticsWithoutAdIdSupport in Frameworks */,
				4B4AFFDF2BA20B670083D7B9 /* FirebaseAuth in Frameworks */,
				4B4AFFE32BA20B670083D7B9 /* FirebaseCrashlytics in Frameworks */,
				4B4A00032BA20B670083D7B9 /* FirebaseRemoteConfigSwift in Frameworks */,
				4B4AFFF52BA20B670083D7B9 /* FirebaseInAppMessaging-Beta in Frameworks */,
				4B4AFFE72BA20B670083D7B9 /* FirebaseDatabaseSwift in Frameworks */,
				4B4AFFF12BA20B670083D7B9 /* FirebaseFunctions in Frameworks */,
				4B4A00072BA20B670083D7B9 /* FirebaseStorageCombine-Community in Frameworks */,
				4B4A00012BA20B670083D7B9 /* FirebaseRemoteConfig in Frameworks */,
				4B4AFFDD2BA20B670083D7B9 /* FirebaseAppDistribution-Beta in Frameworks */,
				4B4AFFE12BA20B670083D7B9 /* FirebaseAuthCombine-Community in Frameworks */,
				4B4AFFFF2BA20B670083D7B9 /* FirebasePerformance in Frameworks */,
				4B4AFFF72BA20B670083D7B9 /* FirebaseInAppMessagingSwift-Beta in Frameworks */,
				4B4A00052BA20B670083D7B9 /* FirebaseStorage in Frameworks */,
				4B4AFFE92BA20B670083D7B9 /* FirebaseDynamicLinks in Frameworks */,
				4B4AFFED2BA20B670083D7B9 /* FirebaseFirestoreCombine-Community in Frameworks */,
				4B4AFFFD2BA20B670083D7B9 /* FirebaseMessaging in Frameworks */,
				4B4AFFF92BA20B670083D7B9 /* FirebaseInstallations in Frameworks */,
			);
			runOnlyForDeploymentPostprocessing = 0;
		};
/* End PBXFrameworksBuildPhase section */

/* Begin PBXGroup section */
		4B4A00082BA20E280083D7B9 /* ViewModel */ = {
			isa = PBXGroup;
			children = (
				4B4A000A2BA20E510083D7B9 /* RegistrationViewModel.swift */,
				4B4A001F2BA29CB90083D7B9 /* LoginViewModel.swift */,
			);
			path = ViewModel;
			sourceTree = "<group>";
		};
		4B4A00092BA20E2E0083D7B9 /* Service */ = {
			isa = PBXGroup;
			children = (
				4B4A000C2BA20F350083D7B9 /* AuthService.swift */,
			);
			path = Service;
			sourceTree = "<group>";
		};
		4B4A00102BA23EE30083D7B9 /* View */ = {
			isa = PBXGroup;
			children = (
				4B4AFF892B9F92840083D7B9 /* ContentView.swift */,
			);
			path = View;
			sourceTree = "<group>";
		};
		4B4A00112BA23EE90083D7B9 /* ViewModel */ = {
			isa = PBXGroup;
			children = (
				4B4A00122BA23F160083D7B9 /* ContentViewModel.swift */,
			);
			path = ViewModel;
			sourceTree = "<group>";
		};
		4B4A00142BA295630083D7B9 /* SideBar */ = {
			isa = PBXGroup;
			children = (
				4B4A00162BA295770083D7B9 /* View */,
				4B4A00152BA2956E0083D7B9 /* ViewModel */,
			);
			path = SideBar;
			sourceTree = "<group>";
		};
		4B4A00152BA2956E0083D7B9 /* ViewModel */ = {
			isa = PBXGroup;
			children = (
				4B4A00192BA295E30083D7B9 /* SideBarViewModel.swift */,
			);
			path = ViewModel;
			sourceTree = "<group>";
		};
		4B4A00162BA295770083D7B9 /* View */ = {
			isa = PBXGroup;
			children = (
				4B4A00172BA295830083D7B9 /* SideBarView.swift */,
				4B4A001B2BA296170083D7B9 /* SideBarOptionRowView.swift */,
			);
			path = View;
			sourceTree = "<group>";
		};
		4B4AFF7B2B9F92840083D7B9 = {
			isa = PBXGroup;
			children = (
				4B4AFF862B9F92840083D7B9 /* Preesh4.0 */,
				4B4AFF852B9F92840083D7B9 /* Products */,
			);
			sourceTree = "<group>";
		};
		4B4AFF852B9F92840083D7B9 /* Products */ = {
			isa = PBXGroup;
			children = (
				4B4AFF842B9F92840083D7B9 /* Preesh4.0.app */,
			);
			name = Products;
			sourceTree = "<group>";
		};
		4B4AFF862B9F92840083D7B9 /* Preesh4.0 */ = {
			isa = PBXGroup;
			children = (
				4B4AFF952B9F92980083D7B9 /* App */,
				4B4AFF972B9F92A40083D7B9 /* Core */,
				4B4AFF982B9F92A90083D7B9 /* Extensions */,
				4B4AFF992B9F92AB0083D7B9 /* Model */,
				4B4AFF9A2B9F92F90083D7B9 /* Services */,
				4B4AFF9B2B9F930C0083D7B9 /* Utils */,
				4B4AFF8B2B9F92850083D7B9 /* Assets.xcassets */,
				4B4AFFCF2BA20A0B0083D7B9 /* GoogleService-Info.plist */,
				4B4AFF8D2B9F92850083D7B9 /* Preview Content */,
			);
			path = Preesh4.0;
			sourceTree = "<group>";
		};
		4B4AFF8D2B9F92850083D7B9 /* Preview Content */ = {
			isa = PBXGroup;
			children = (
				4B4AFF8E2B9F92850083D7B9 /* Preview Assets.xcassets */,
			);
			path = "Preview Content";
			sourceTree = "<group>";
		};
		4B4AFF952B9F92980083D7B9 /* App */ = {
			isa = PBXGroup;
			children = (
				4B4AFF872B9F92840083D7B9 /* Preesh4_0App.swift */,
			);
			path = App;
			sourceTree = "<group>";
		};
		4B4AFF972B9F92A40083D7B9 /* Core */ = {
			isa = PBXGroup;
			children = (
				4B4AFF9C2B9F932F0083D7B9 /* Authenication */,
				4B4AFFC52B9FB4F40083D7B9 /* Components */,
				4B4AFFAF2B9FA4780083D7B9 /* Explore */,
				4B4AFFAB2B9FA4380083D7B9 /* Feed */,
				4B4AFFB72B9FA5400083D7B9 /* NewGift */,
				4B4AFFB32B9FA4D20083D7B9 /* Profile */,
				4B4AFF9D2B9F93360083D7B9 /* Root */,
				4B4A00142BA295630083D7B9 /* SideBar */,
				4B4AFFA82B9F9E030083D7B9 /* TabBar */,
			);
			path = Core;
			sourceTree = "<group>";
		};
		4B4AFF982B9F92A90083D7B9 /* Extensions */ = {
			isa = PBXGroup;
			children = (
				4BF465C02BB6033300BD00E6 /* PreviewDataProvider.swift */,
			);
			path = Extensions;
			sourceTree = "<group>";
		};
		4B4AFF992B9F92AB0083D7B9 /* Model */ = {
			isa = PBXGroup;
			children = (
				4B4AFFC32B9FB2430083D7B9 /* UserModel.swift */,
			);
			path = Model;
			sourceTree = "<group>";
		};
		4B4AFF9A2B9F92F90083D7B9 /* Services */ = {
			isa = PBXGroup;
			children = (
				4BF465B82BB4DBC500BD00E6 /* UserService.swift */,
			);
			path = Services;
			sourceTree = "<group>";
		};
		4B4AFF9B2B9F930C0083D7B9 /* Utils */ = {
			isa = PBXGroup;
			children = (
			);
			path = Utils;
			sourceTree = "<group>";
		};
		4B4AFF9C2B9F932F0083D7B9 /* Authenication */ = {
			isa = PBXGroup;
			children = (
				4B4A00092BA20E2E0083D7B9 /* Service */,
				4B4AFF9E2B9F93510083D7B9 /* Views */,
				4B4A00082BA20E280083D7B9 /* ViewModel */,
			);
			path = Authenication;
			sourceTree = "<group>";
		};
		4B4AFF9D2B9F93360083D7B9 /* Root */ = {
			isa = PBXGroup;
			children = (
				4B4A00102BA23EE30083D7B9 /* View */,
				4B4A00112BA23EE90083D7B9 /* ViewModel */,
			);
			path = Root;
			sourceTree = "<group>";
		};
		4B4AFF9E2B9F93510083D7B9 /* Views */ = {
			isa = PBXGroup;
			children = (
				4B4AFF9F2B9F935D0083D7B9 /* LoginView.swift */,
				4B4AFFA62B9F9AC60083D7B9 /* RegistrationView.swift */,
				4B4AFFA12B9F98110083D7B9 /* AuthHeaderView.swift */,
				4B4AFFA32B9F984B0083D7B9 /* CustomInputFieldView.swift */,
			);
			path = Views;
			sourceTree = "<group>";
		};
		4B4AFFA82B9F9E030083D7B9 /* TabBar */ = {
			isa = PBXGroup;
			children = (
				4B4AFFA92B9F9E480083D7B9 /* PreeshTabView.swift */,
			);
			path = TabBar;
			sourceTree = "<group>";
		};
		4B4AFFAB2B9FA4380083D7B9 /* Feed */ = {
			isa = PBXGroup;
			children = (
				4B4AFFAC2B9FA4450083D7B9 /* View */,
			);
			path = Feed;
			sourceTree = "<group>";
		};
		4B4AFFAC2B9FA4450083D7B9 /* View */ = {
			isa = PBXGroup;
			children = (
				4B4AFFAD2B9FA4550083D7B9 /* FeedView.swift */,
				4B4AFFBD2B9FA7360083D7B9 /* GiftCell.swift */,
			);
			path = View;
			sourceTree = "<group>";
		};
		4B4AFFAF2B9FA4780083D7B9 /* Explore */ = {
			isa = PBXGroup;
			children = (
				4B4AFFB02B9FA48C0083D7B9 /* View */,
				4BF465BD2BB5FE3B00BD00E6 /* ViewModel */,
			);
			path = Explore;
			sourceTree = "<group>";
		};
		4B4AFFB02B9FA48C0083D7B9 /* View */ = {
			isa = PBXGroup;
			children = (
				4B4AFFBB2B9FA6140083D7B9 /* ExploreView.swift */,
				4B4AFFC12B9FB2160083D7B9 /* UserRowView.swift */,
				4B4AFFBF2B9FAE830083D7B9 /* SearchBar.swift */,
			);
			path = View;
			sourceTree = "<group>";
		};
		4B4AFFB32B9FA4D20083D7B9 /* Profile */ = {
			isa = PBXGroup;
			children = (
				4BF465CA2BB615E600BD00E6 /* Components */,
				4BF465C52BB60E2100BD00E6 /* CurrentUserProfile */,
				4B4AFFCB2BA0FBCD0083D7B9 /* EditProfile */,
				4B4AFFC82BA0F4160083D7B9 /* Model */,
				4BF465C22BB60B9F00BD00E6 /* Settings */,
				4B4AFFB42B9FA4DF0083D7B9 /* UserProfile */,
			);
			path = Profile;
			sourceTree = "<group>";
		};
		4B4AFFB42B9FA4DF0083D7B9 /* UserProfile */ = {
			isa = PBXGroup;
			children = (
				4B4AFFB52B9FA4E60083D7B9 /* ProfileView.swift */,
			);
			path = UserProfile;
			sourceTree = "<group>";
		};
		4B4AFFB72B9FA5400083D7B9 /* NewGift */ = {
			isa = PBXGroup;
			children = (
				4B4AFFB82B9FA54E0083D7B9 /* View */,
			);
			path = NewGift;
			sourceTree = "<group>";
		};
		4B4AFFB82B9FA54E0083D7B9 /* View */ = {
			isa = PBXGroup;
			children = (
				4B4AFFB92B9FA55E0083D7B9 /* NewGiftView.swift */,
			);
			path = View;
			sourceTree = "<group>";
		};
		4B4AFFC52B9FB4F40083D7B9 /* Components */ = {
			isa = PBXGroup;
			children = (
				4B4AFFC62B9FB5150083D7B9 /* CircularProfileImageView.swift */,
				4B4A001D2BA296C50083D7B9 /* UserStatsView.swift */,
			);
			path = Components;
			sourceTree = "<group>";
		};
		4B4AFFC82BA0F4160083D7B9 /* Model */ = {
			isa = PBXGroup;
			children = (
				4B4AFFC92BA0F4220083D7B9 /* ProfileFilter.swift */,
			);
			path = Model;
			sourceTree = "<group>";
		};
		4B4AFFCB2BA0FBCD0083D7B9 /* EditProfile */ = {
			isa = PBXGroup;
			children = (
				4B4AFFCC2BA0FBDB0083D7B9 /* View */,
			);
			path = EditProfile;
			sourceTree = "<group>";
		};
		4B4AFFCC2BA0FBDB0083D7B9 /* View */ = {
			isa = PBXGroup;
			children = (
				4B4AFFCD2BA0FBE80083D7B9 /* EditProfileView.swift */,
			);
			path = View;
			sourceTree = "<group>";
		};
		4BF465BD2BB5FE3B00BD00E6 /* ViewModel */ = {
			isa = PBXGroup;
			children = (
				4BF465BE2BB5FE4900BD00E6 /* ExploreViewModel.swift */,
			);
			path = ViewModel;
			sourceTree = "<group>";
		};
		4BF465C22BB60B9F00BD00E6 /* Settings */ = {
			isa = PBXGroup;
			children = (
				4BF465C32BB60BB200BD00E6 /* SettingsView.swift */,
			);
			path = Settings;
			sourceTree = "<group>";
		};
		4BF465C52BB60E2100BD00E6 /* CurrentUserProfile */ = {
			isa = PBXGroup;
			children = (
				4BF465C62BB60E3900BD00E6 /* View */,
				4BF465C92BB60E7000BD00E6 /* ViewModel */,
			);
			path = CurrentUserProfile;
			sourceTree = "<group>";
		};
		4BF465C62BB60E3900BD00E6 /* View */ = {
			isa = PBXGroup;
			children = (
				4BF465C72BB60E4500BD00E6 /* CurrentUserProfileView.swift */,
			);
			path = View;
			sourceTree = "<group>";
		};
		4BF465C92BB60E7000BD00E6 /* ViewModel */ = {
			isa = PBXGroup;
			children = (
				4BF465BB2BB4DCAD00BD00E6 /* CurrentUserProfileViewModel.swift */,
			);
			path = ViewModel;
			sourceTree = "<group>";
		};
		4BF465CA2BB615E600BD00E6 /* Components */ = {
			isa = PBXGroup;
			children = (
				4BF465CB2BB615F900BD00E6 /* ProfileHeaderView.swift */,
				4BF465CD2BB617DB00BD00E6 /* UserContentListView.swift */,
			);
			path = Components;
			sourceTree = "<group>";
		};
/* End PBXGroup section */

/* Begin PBXNativeTarget section */
		4B4AFF832B9F92840083D7B9 /* Preesh4.0 */ = {
			isa = PBXNativeTarget;
			buildConfigurationList = 4B4AFF922B9F92850083D7B9 /* Build configuration list for PBXNativeTarget "Preesh4.0" */;
			buildPhases = (
				4B4AFF802B9F92840083D7B9 /* Sources */,
				4B4AFF812B9F92840083D7B9 /* Frameworks */,
				4B4AFF822B9F92840083D7B9 /* Resources */,
			);
			buildRules = (
			);
			dependencies = (
			);
			name = Preesh4.0;
			packageProductDependencies = (
				4B4AFFD22BA20B670083D7B9 /* FirebaseAnalytics */,
				4B4AFFD42BA20B670083D7B9 /* FirebaseAnalyticsOnDeviceConversion */,
				4B4AFFD62BA20B670083D7B9 /* FirebaseAnalyticsSwift */,
				4B4AFFD82BA20B670083D7B9 /* FirebaseAnalyticsWithoutAdIdSupport */,
				4B4AFFDA2BA20B670083D7B9 /* FirebaseAppCheck */,
				4B4AFFDC2BA20B670083D7B9 /* FirebaseAppDistribution-Beta */,
				4B4AFFDE2BA20B670083D7B9 /* FirebaseAuth */,
				4B4AFFE02BA20B670083D7B9 /* FirebaseAuthCombine-Community */,
				4B4AFFE22BA20B670083D7B9 /* FirebaseCrashlytics */,
				4B4AFFE42BA20B670083D7B9 /* FirebaseDatabase */,
				4B4AFFE62BA20B670083D7B9 /* FirebaseDatabaseSwift */,
				4B4AFFE82BA20B670083D7B9 /* FirebaseDynamicLinks */,
				4B4AFFEA2BA20B670083D7B9 /* FirebaseFirestore */,
				4B4AFFEC2BA20B670083D7B9 /* FirebaseFirestoreCombine-Community */,
				4B4AFFEE2BA20B670083D7B9 /* FirebaseFirestoreSwift */,
				4B4AFFF02BA20B670083D7B9 /* FirebaseFunctions */,
				4B4AFFF22BA20B670083D7B9 /* FirebaseFunctionsCombine-Community */,
				4B4AFFF42BA20B670083D7B9 /* FirebaseInAppMessaging-Beta */,
				4B4AFFF62BA20B670083D7B9 /* FirebaseInAppMessagingSwift-Beta */,
				4B4AFFF82BA20B670083D7B9 /* FirebaseInstallations */,
				4B4AFFFA2BA20B670083D7B9 /* FirebaseMLModelDownloader */,
				4B4AFFFC2BA20B670083D7B9 /* FirebaseMessaging */,
				4B4AFFFE2BA20B670083D7B9 /* FirebasePerformance */,
				4B4A00002BA20B670083D7B9 /* FirebaseRemoteConfig */,
				4B4A00022BA20B670083D7B9 /* FirebaseRemoteConfigSwift */,
				4B4A00042BA20B670083D7B9 /* FirebaseStorage */,
				4B4A00062BA20B670083D7B9 /* FirebaseStorageCombine-Community */,
			);
			productName = Preesh4.0;
			productReference = 4B4AFF842B9F92840083D7B9 /* Preesh4.0.app */;
			productType = "com.apple.product-type.application";
		};
/* End PBXNativeTarget section */

/* Begin PBXProject section */
		4B4AFF7C2B9F92840083D7B9 /* Project object */ = {
			isa = PBXProject;
			attributes = {
				BuildIndependentTargetsInParallel = 1;
				LastSwiftUpdateCheck = 1520;
				LastUpgradeCheck = 1520;
				TargetAttributes = {
					4B4AFF832B9F92840083D7B9 = {
						CreatedOnToolsVersion = 15.2;
					};
				};
			};
			buildConfigurationList = 4B4AFF7F2B9F92840083D7B9 /* Build configuration list for PBXProject "Preesh4.0" */;
			compatibilityVersion = "Xcode 14.0";
			developmentRegion = en;
			hasScannedForEncodings = 0;
			knownRegions = (
				en,
				Base,
			);
			mainGroup = 4B4AFF7B2B9F92840083D7B9;
			packageReferences = (
				4B4AFFD12BA20B670083D7B9 /* XCRemoteSwiftPackageReference "firebase-ios-sdk" */,
			);
			productRefGroup = 4B4AFF852B9F92840083D7B9 /* Products */;
			projectDirPath = "";
			projectRoot = "";
			targets = (
				4B4AFF832B9F92840083D7B9 /* Preesh4.0 */,
			);
		};
/* End PBXProject section */

/* Begin PBXResourcesBuildPhase section */
		4B4AFF822B9F92840083D7B9 /* Resources */ = {
			isa = PBXResourcesBuildPhase;
			buildActionMask = 2147483647;
			files = (
				4B4AFF8F2B9F92850083D7B9 /* Preview Assets.xcassets in Resources */,
				4B4AFFD02BA20A0B0083D7B9 /* GoogleService-Info.plist in Resources */,
				4B4AFF8C2B9F92850083D7B9 /* Assets.xcassets in Resources */,
			);
			runOnlyForDeploymentPostprocessing = 0;
		};
/* End PBXResourcesBuildPhase section */

/* Begin PBXSourcesBuildPhase section */
		4B4AFF802B9F92840083D7B9 /* Sources */ = {
			isa = PBXSourcesBuildPhase;
			buildActionMask = 2147483647;
			files = (
				4B4AFFCE2BA0FBE80083D7B9 /* EditProfileView.swift in Sources */,
				4B4AFFC22B9FB2160083D7B9 /* UserRowView.swift in Sources */,
				4BF465B92BB4DBC500BD00E6 /* UserService.swift in Sources */,
				4B4AFFC02B9FAE830083D7B9 /* SearchBar.swift in Sources */,
				4B4A000B2BA20E510083D7B9 /* RegistrationViewModel.swift in Sources */,
				4BF465C82BB60E4500BD00E6 /* CurrentUserProfileView.swift in Sources */,
				4B4A001A2BA295E30083D7B9 /* SideBarViewModel.swift in Sources */,
				4BF465BC2BB4DCAD00BD00E6 /* CurrentUserProfileViewModel.swift in Sources */,
				4B4AFFBC2B9FA6140083D7B9 /* ExploreView.swift in Sources */,
				4B4A00182BA295830083D7B9 /* SideBarView.swift in Sources */,
				4B4AFFBA2B9FA55E0083D7B9 /* NewGiftView.swift in Sources */,
				4B4A00202BA29CB90083D7B9 /* LoginViewModel.swift in Sources */,
				4B4AFFAE2B9FA4550083D7B9 /* FeedView.swift in Sources */,
				4BF465CC2BB615F900BD00E6 /* ProfileHeaderView.swift in Sources */,
				4BF465BF2BB5FE4900BD00E6 /* ExploreViewModel.swift in Sources */,
				4B4A000D2BA20F350083D7B9 /* AuthService.swift in Sources */,
				4B4AFFCA2BA0F4220083D7B9 /* ProfileFilter.swift in Sources */,
				4B4A001C2BA296170083D7B9 /* SideBarOptionRowView.swift in Sources */,
				4B4AFFB62B9FA4E60083D7B9 /* ProfileView.swift in Sources */,
				4BF465C12BB6033300BD00E6 /* PreviewDataProvider.swift in Sources */,
				4B4AFFA42B9F984B0083D7B9 /* CustomInputFieldView.swift in Sources */,
				4B4AFFA02B9F935D0083D7B9 /* LoginView.swift in Sources */,
				4B4AFFA22B9F98120083D7B9 /* AuthHeaderView.swift in Sources */,
				4B4AFFBE2B9FA7360083D7B9 /* GiftCell.swift in Sources */,
				4B4AFFA72B9F9AC60083D7B9 /* RegistrationView.swift in Sources */,
				4B4AFF8A2B9F92840083D7B9 /* ContentView.swift in Sources */,
				4B4AFF882B9F92840083D7B9 /* Preesh4_0App.swift in Sources */,
				4BF465CE2BB617DB00BD00E6 /* UserContentListView.swift in Sources */,
				4B4A00132BA23F160083D7B9 /* ContentViewModel.swift in Sources */,
				4B4AFFC72B9FB5150083D7B9 /* CircularProfileImageView.swift in Sources */,
				4B4AFFC42B9FB2430083D7B9 /* UserModel.swift in Sources */,
				4B4AFFAA2B9F9E480083D7B9 /* PreeshTabView.swift in Sources */,
				4BF465C42BB60BB200BD00E6 /* SettingsView.swift in Sources */,
				4B4A001E2BA296C50083D7B9 /* UserStatsView.swift in Sources */,
			);
			runOnlyForDeploymentPostprocessing = 0;
		};
/* End PBXSourcesBuildPhase section */

/* Begin XCBuildConfiguration section */
		4B4AFF902B9F92850083D7B9 /* Debug */ = {
			isa = XCBuildConfiguration;
			buildSettings = {
				ALWAYS_SEARCH_USER_PATHS = NO;
				ASSETCATALOG_COMPILER_GENERATE_SWIFT_ASSET_SYMBOL_EXTENSIONS = YES;
				CLANG_ANALYZER_NONNULL = YES;
				CLANG_ANALYZER_NUMBER_OBJECT_CONVERSION = YES_AGGRESSIVE;
				CLANG_CXX_LANGUAGE_STANDARD = "gnu++20";
				CLANG_ENABLE_MODULES = YES;
				CLANG_ENABLE_OBJC_ARC = YES;
				CLANG_ENABLE_OBJC_WEAK = YES;
				CLANG_WARN_BLOCK_CAPTURE_AUTORELEASING = YES;
				CLANG_WARN_BOOL_CONVERSION = YES;
				CLANG_WARN_COMMA = YES;
				CLANG_WARN_CONSTANT_CONVERSION = YES;
				CLANG_WARN_DEPRECATED_OBJC_IMPLEMENTATIONS = YES;
				CLANG_WARN_DIRECT_OBJC_ISA_USAGE = YES_ERROR;
				CLANG_WARN_DOCUMENTATION_COMMENTS = YES;
				CLANG_WARN_EMPTY_BODY = YES;
				CLANG_WARN_ENUM_CONVERSION = YES;
				CLANG_WARN_INFINITE_RECURSION = YES;
				CLANG_WARN_INT_CONVERSION = YES;
				CLANG_WARN_NON_LITERAL_NULL_CONVERSION = YES;
				CLANG_WARN_OBJC_IMPLICIT_RETAIN_SELF = YES;
				CLANG_WARN_OBJC_LITERAL_CONVERSION = YES;
				CLANG_WARN_OBJC_ROOT_CLASS = YES_ERROR;
				CLANG_WARN_QUOTED_INCLUDE_IN_FRAMEWORK_HEADER = YES;
				CLANG_WARN_RANGE_LOOP_ANALYSIS = YES;
				CLANG_WARN_STRICT_PROTOTYPES = YES;
				CLANG_WARN_SUSPICIOUS_MOVE = YES;
				CLANG_WARN_UNGUARDED_AVAILABILITY = YES_AGGRESSIVE;
				CLANG_WARN_UNREACHABLE_CODE = YES;
				CLANG_WARN__DUPLICATE_METHOD_MATCH = YES;
				COPY_PHASE_STRIP = NO;
				DEBUG_INFORMATION_FORMAT = dwarf;
				ENABLE_STRICT_OBJC_MSGSEND = YES;
				ENABLE_TESTABILITY = YES;
				ENABLE_USER_SCRIPT_SANDBOXING = YES;
				GCC_C_LANGUAGE_STANDARD = gnu17;
				GCC_DYNAMIC_NO_PIC = NO;
				GCC_NO_COMMON_BLOCKS = YES;
				GCC_OPTIMIZATION_LEVEL = 0;
				GCC_PREPROCESSOR_DEFINITIONS = (
					"DEBUG=1",
					"$(inherited)",
				);
				GCC_WARN_64_TO_32_BIT_CONVERSION = YES;
				GCC_WARN_ABOUT_RETURN_TYPE = YES_ERROR;
				GCC_WARN_UNDECLARED_SELECTOR = YES;
				GCC_WARN_UNINITIALIZED_AUTOS = YES_AGGRESSIVE;
				GCC_WARN_UNUSED_FUNCTION = YES;
				GCC_WARN_UNUSED_VARIABLE = YES;
				IPHONEOS_DEPLOYMENT_TARGET = 17.2;
				LOCALIZATION_PREFERS_STRING_CATALOGS = YES;
				MTL_ENABLE_DEBUG_INFO = INCLUDE_SOURCE;
				MTL_FAST_MATH = YES;
				ONLY_ACTIVE_ARCH = YES;
				SDKROOT = iphoneos;
				SWIFT_ACTIVE_COMPILATION_CONDITIONS = "DEBUG $(inherited)";
				SWIFT_OPTIMIZATION_LEVEL = "-Onone";
			};
			name = Debug;
		};
		4B4AFF912B9F92850083D7B9 /* Release */ = {
			isa = XCBuildConfiguration;
			buildSettings = {
				ALWAYS_SEARCH_USER_PATHS = NO;
				ASSETCATALOG_COMPILER_GENERATE_SWIFT_ASSET_SYMBOL_EXTENSIONS = YES;
				CLANG_ANALYZER_NONNULL = YES;
				CLANG_ANALYZER_NUMBER_OBJECT_CONVERSION = YES_AGGRESSIVE;
				CLANG_CXX_LANGUAGE_STANDARD = "gnu++20";
				CLANG_ENABLE_MODULES = YES;
				CLANG_ENABLE_OBJC_ARC = YES;
				CLANG_ENABLE_OBJC_WEAK = YES;
				CLANG_WARN_BLOCK_CAPTURE_AUTORELEASING = YES;
				CLANG_WARN_BOOL_CONVERSION = YES;
				CLANG_WARN_COMMA = YES;
				CLANG_WARN_CONSTANT_CONVERSION = YES;
				CLANG_WARN_DEPRECATED_OBJC_IMPLEMENTATIONS = YES;
				CLANG_WARN_DIRECT_OBJC_ISA_USAGE = YES_ERROR;
				CLANG_WARN_DOCUMENTATION_COMMENTS = YES;
				CLANG_WARN_EMPTY_BODY = YES;
				CLANG_WARN_ENUM_CONVERSION = YES;
				CLANG_WARN_INFINITE_RECURSION = YES;
				CLANG_WARN_INT_CONVERSION = YES;
				CLANG_WARN_NON_LITERAL_NULL_CONVERSION = YES;
				CLANG_WARN_OBJC_IMPLICIT_RETAIN_SELF = YES;
				CLANG_WARN_OBJC_LITERAL_CONVERSION = YES;
				CLANG_WARN_OBJC_ROOT_CLASS = YES_ERROR;
				CLANG_WARN_QUOTED_INCLUDE_IN_FRAMEWORK_HEADER = YES;
				CLANG_WARN_RANGE_LOOP_ANALYSIS = YES;
				CLANG_WARN_STRICT_PROTOTYPES = YES;
				CLANG_WARN_SUSPICIOUS_MOVE = YES;
				CLANG_WARN_UNGUARDED_AVAILABILITY = YES_AGGRESSIVE;
				CLANG_WARN_UNREACHABLE_CODE = YES;
				CLANG_WARN__DUPLICATE_METHOD_MATCH = YES;
				COPY_PHASE_STRIP = NO;
				DEBUG_INFORMATION_FORMAT = "dwarf-with-dsym";
				ENABLE_NS_ASSERTIONS = NO;
				ENABLE_STRICT_OBJC_MSGSEND = YES;
				ENABLE_USER_SCRIPT_SANDBOXING = YES;
				GCC_C_LANGUAGE_STANDARD = gnu17;
				GCC_NO_COMMON_BLOCKS = YES;
				GCC_WARN_64_TO_32_BIT_CONVERSION = YES;
				GCC_WARN_ABOUT_RETURN_TYPE = YES_ERROR;
				GCC_WARN_UNDECLARED_SELECTOR = YES;
				GCC_WARN_UNINITIALIZED_AUTOS = YES_AGGRESSIVE;
				GCC_WARN_UNUSED_FUNCTION = YES;
				GCC_WARN_UNUSED_VARIABLE = YES;
				IPHONEOS_DEPLOYMENT_TARGET = 17.2;
				LOCALIZATION_PREFERS_STRING_CATALOGS = YES;
				MTL_ENABLE_DEBUG_INFO = NO;
				MTL_FAST_MATH = YES;
				SDKROOT = iphoneos;
				SWIFT_COMPILATION_MODE = wholemodule;
				VALIDATE_PRODUCT = YES;
			};
			name = Release;
		};
		4B4AFF932B9F92850083D7B9 /* Debug */ = {
			isa = XCBuildConfiguration;
			buildSettings = {
				ASSETCATALOG_COMPILER_APPICON_NAME = AppIcon;
				ASSETCATALOG_COMPILER_GLOBAL_ACCENT_COLOR_NAME = AccentColor;
				CODE_SIGN_STYLE = Automatic;
				CURRENT_PROJECT_VERSION = 1;
				DEVELOPMENT_ASSET_PATHS = "\"Preesh4.0/Preview Content\"";
				DEVELOPMENT_TEAM = QNRZCZCWSJ;
				ENABLE_PREVIEWS = YES;
				GENERATE_INFOPLIST_FILE = YES;
				INFOPLIST_KEY_UIApplicationSceneManifest_Generation = YES;
				INFOPLIST_KEY_UIApplicationSupportsIndirectInputEvents = YES;
				INFOPLIST_KEY_UILaunchScreen_Generation = YES;
				INFOPLIST_KEY_UISupportedInterfaceOrientations_iPad = "UIInterfaceOrientationPortrait UIInterfaceOrientationPortraitUpsideDown UIInterfaceOrientationLandscapeLeft UIInterfaceOrientationLandscapeRight";
				INFOPLIST_KEY_UISupportedInterfaceOrientations_iPhone = "UIInterfaceOrientationPortrait UIInterfaceOrientationLandscapeLeft UIInterfaceOrientationLandscapeRight";
				LD_RUNPATH_SEARCH_PATHS = (
					"$(inherited)",
					"@executable_path/Frameworks",
				);
				MARKETING_VERSION = 1.0;
				PRODUCT_BUNDLE_IDENTIFIER = "com.kuivila.Preesh4-0";
				PRODUCT_NAME = "$(TARGET_NAME)";
				SWIFT_EMIT_LOC_STRINGS = YES;
				SWIFT_VERSION = 5.0;
				TARGETED_DEVICE_FAMILY = "1,2";
			};
			name = Debug;
		};
		4B4AFF942B9F92850083D7B9 /* Release */ = {
			isa = XCBuildConfiguration;
			buildSettings = {
				ASSETCATALOG_COMPILER_APPICON_NAME = AppIcon;
				ASSETCATALOG_COMPILER_GLOBAL_ACCENT_COLOR_NAME = AccentColor;
				CODE_SIGN_STYLE = Automatic;
				CURRENT_PROJECT_VERSION = 1;
				DEVELOPMENT_ASSET_PATHS = "\"Preesh4.0/Preview Content\"";
				DEVELOPMENT_TEAM = QNRZCZCWSJ;
				ENABLE_PREVIEWS = YES;
				GENERATE_INFOPLIST_FILE = YES;
				INFOPLIST_KEY_UIApplicationSceneManifest_Generation = YES;
				INFOPLIST_KEY_UIApplicationSupportsIndirectInputEvents = YES;
				INFOPLIST_KEY_UILaunchScreen_Generation = YES;
				INFOPLIST_KEY_UISupportedInterfaceOrientations_iPad = "UIInterfaceOrientationPortrait UIInterfaceOrientationPortraitUpsideDown UIInterfaceOrientationLandscapeLeft UIInterfaceOrientationLandscapeRight";
				INFOPLIST_KEY_UISupportedInterfaceOrientations_iPhone = "UIInterfaceOrientationPortrait UIInterfaceOrientationLandscapeLeft UIInterfaceOrientationLandscapeRight";
				LD_RUNPATH_SEARCH_PATHS = (
					"$(inherited)",
					"@executable_path/Frameworks",
				);
				MARKETING_VERSION = 1.0;
				PRODUCT_BUNDLE_IDENTIFIER = "com.kuivila.Preesh4-0";
				PRODUCT_NAME = "$(TARGET_NAME)";
				SWIFT_EMIT_LOC_STRINGS = YES;
				SWIFT_VERSION = 5.0;
				TARGETED_DEVICE_FAMILY = "1,2";
			};
			name = Release;
		};
/* End XCBuildConfiguration section */

/* Begin XCConfigurationList section */
		4B4AFF7F2B9F92840083D7B9 /* Build configuration list for PBXProject "Preesh4.0" */ = {
			isa = XCConfigurationList;
			buildConfigurations = (
				4B4AFF902B9F92850083D7B9 /* Debug */,
				4B4AFF912B9F92850083D7B9 /* Release */,
			);
			defaultConfigurationIsVisible = 0;
			defaultConfigurationName = Release;
		};
		4B4AFF922B9F92850083D7B9 /* Build configuration list for PBXNativeTarget "Preesh4.0" */ = {
			isa = XCConfigurationList;
			buildConfigurations = (
				4B4AFF932B9F92850083D7B9 /* Debug */,
				4B4AFF942B9F92850083D7B9 /* Release */,
			);
			defaultConfigurationIsVisible = 0;
			defaultConfigurationName = Release;
		};
/* End XCConfigurationList section */

/* Begin XCRemoteSwiftPackageReference section */
		4B4AFFD12BA20B670083D7B9 /* XCRemoteSwiftPackageReference "firebase-ios-sdk" */ = {
			isa = XCRemoteSwiftPackageReference;
			repositoryURL = "https://github.com/firebase/firebase-ios-sdk";
			requirement = {
				kind = upToNextMajorVersion;
				minimumVersion = 10.22.1;
			};
		};
/* End XCRemoteSwiftPackageReference section */

/* Begin XCSwiftPackageProductDependency section */
		4B4A00002BA20B670083D7B9 /* FirebaseRemoteConfig */ = {
			isa = XCSwiftPackageProductDependency;
			package = 4B4AFFD12BA20B670083D7B9 /* XCRemoteSwiftPackageReference "firebase-ios-sdk" */;
			productName = FirebaseRemoteConfig;
		};
		4B4A00022BA20B670083D7B9 /* FirebaseRemoteConfigSwift */ = {
			isa = XCSwiftPackageProductDependency;
			package = 4B4AFFD12BA20B670083D7B9 /* XCRemoteSwiftPackageReference "firebase-ios-sdk" */;
			productName = FirebaseRemoteConfigSwift;
		};
		4B4A00042BA20B670083D7B9 /* FirebaseStorage */ = {
			isa = XCSwiftPackageProductDependency;
			package = 4B4AFFD12BA20B670083D7B9 /* XCRemoteSwiftPackageReference "firebase-ios-sdk" */;
			productName = FirebaseStorage;
		};
		4B4A00062BA20B670083D7B9 /* FirebaseStorageCombine-Community */ = {
			isa = XCSwiftPackageProductDependency;
			package = 4B4AFFD12BA20B670083D7B9 /* XCRemoteSwiftPackageReference "firebase-ios-sdk" */;
			productName = "FirebaseStorageCombine-Community";
		};
		4B4AFFD22BA20B670083D7B9 /* FirebaseAnalytics */ = {
			isa = XCSwiftPackageProductDependency;
			package = 4B4AFFD12BA20B670083D7B9 /* XCRemoteSwiftPackageReference "firebase-ios-sdk" */;
			productName = FirebaseAnalytics;
		};
		4B4AFFD42BA20B670083D7B9 /* FirebaseAnalyticsOnDeviceConversion */ = {
			isa = XCSwiftPackageProductDependency;
			package = 4B4AFFD12BA20B670083D7B9 /* XCRemoteSwiftPackageReference "firebase-ios-sdk" */;
			productName = FirebaseAnalyticsOnDeviceConversion;
		};
		4B4AFFD62BA20B670083D7B9 /* FirebaseAnalyticsSwift */ = {
			isa = XCSwiftPackageProductDependency;
			package = 4B4AFFD12BA20B670083D7B9 /* XCRemoteSwiftPackageReference "firebase-ios-sdk" */;
			productName = FirebaseAnalyticsSwift;
		};
		4B4AFFD82BA20B670083D7B9 /* FirebaseAnalyticsWithoutAdIdSupport */ = {
			isa = XCSwiftPackageProductDependency;
			package = 4B4AFFD12BA20B670083D7B9 /* XCRemoteSwiftPackageReference "firebase-ios-sdk" */;
			productName = FirebaseAnalyticsWithoutAdIdSupport;
		};
		4B4AFFDA2BA20B670083D7B9 /* FirebaseAppCheck */ = {
			isa = XCSwiftPackageProductDependency;
			package = 4B4AFFD12BA20B670083D7B9 /* XCRemoteSwiftPackageReference "firebase-ios-sdk" */;
			productName = FirebaseAppCheck;
		};
		4B4AFFDC2BA20B670083D7B9 /* FirebaseAppDistribution-Beta */ = {
			isa = XCSwiftPackageProductDependency;
			package = 4B4AFFD12BA20B670083D7B9 /* XCRemoteSwiftPackageReference "firebase-ios-sdk" */;
			productName = "FirebaseAppDistribution-Beta";
		};
		4B4AFFDE2BA20B670083D7B9 /* FirebaseAuth */ = {
			isa = XCSwiftPackageProductDependency;
			package = 4B4AFFD12BA20B670083D7B9 /* XCRemoteSwiftPackageReference "firebase-ios-sdk" */;
			productName = FirebaseAuth;
		};
		4B4AFFE02BA20B670083D7B9 /* FirebaseAuthCombine-Community */ = {
			isa = XCSwiftPackageProductDependency;
			package = 4B4AFFD12BA20B670083D7B9 /* XCRemoteSwiftPackageReference "firebase-ios-sdk" */;
			productName = "FirebaseAuthCombine-Community";
		};
		4B4AFFE22BA20B670083D7B9 /* FirebaseCrashlytics */ = {
			isa = XCSwiftPackageProductDependency;
			package = 4B4AFFD12BA20B670083D7B9 /* XCRemoteSwiftPackageReference "firebase-ios-sdk" */;
			productName = FirebaseCrashlytics;
		};
		4B4AFFE42BA20B670083D7B9 /* FirebaseDatabase */ = {
			isa = XCSwiftPackageProductDependency;
			package = 4B4AFFD12BA20B670083D7B9 /* XCRemoteSwiftPackageReference "firebase-ios-sdk" */;
			productName = FirebaseDatabase;
		};
		4B4AFFE62BA20B670083D7B9 /* FirebaseDatabaseSwift */ = {
			isa = XCSwiftPackageProductDependency;
			package = 4B4AFFD12BA20B670083D7B9 /* XCRemoteSwiftPackageReference "firebase-ios-sdk" */;
			productName = FirebaseDatabaseSwift;
		};
		4B4AFFE82BA20B670083D7B9 /* FirebaseDynamicLinks */ = {
			isa = XCSwiftPackageProductDependency;
			package = 4B4AFFD12BA20B670083D7B9 /* XCRemoteSwiftPackageReference "firebase-ios-sdk" */;
			productName = FirebaseDynamicLinks;
		};
		4B4AFFEA2BA20B670083D7B9 /* FirebaseFirestore */ = {
			isa = XCSwiftPackageProductDependency;
			package = 4B4AFFD12BA20B670083D7B9 /* XCRemoteSwiftPackageReference "firebase-ios-sdk" */;
			productName = FirebaseFirestore;
		};
		4B4AFFEC2BA20B670083D7B9 /* FirebaseFirestoreCombine-Community */ = {
			isa = XCSwiftPackageProductDependency;
			package = 4B4AFFD12BA20B670083D7B9 /* XCRemoteSwiftPackageReference "firebase-ios-sdk" */;
			productName = "FirebaseFirestoreCombine-Community";
		};
		4B4AFFEE2BA20B670083D7B9 /* FirebaseFirestoreSwift */ = {
			isa = XCSwiftPackageProductDependency;
			package = 4B4AFFD12BA20B670083D7B9 /* XCRemoteSwiftPackageReference "firebase-ios-sdk" */;
			productName = FirebaseFirestoreSwift;
		};
		4B4AFFF02BA20B670083D7B9 /* FirebaseFunctions */ = {
			isa = XCSwiftPackageProductDependency;
			package = 4B4AFFD12BA20B670083D7B9 /* XCRemoteSwiftPackageReference "firebase-ios-sdk" */;
			productName = FirebaseFunctions;
		};
		4B4AFFF22BA20B670083D7B9 /* FirebaseFunctionsCombine-Community */ = {
			isa = XCSwiftPackageProductDependency;
			package = 4B4AFFD12BA20B670083D7B9 /* XCRemoteSwiftPackageReference "firebase-ios-sdk" */;
			productName = "FirebaseFunctionsCombine-Community";
		};
		4B4AFFF42BA20B670083D7B9 /* FirebaseInAppMessaging-Beta */ = {
			isa = XCSwiftPackageProductDependency;
			package = 4B4AFFD12BA20B670083D7B9 /* XCRemoteSwiftPackageReference "firebase-ios-sdk" */;
			productName = "FirebaseInAppMessaging-Beta";
		};
		4B4AFFF62BA20B670083D7B9 /* FirebaseInAppMessagingSwift-Beta */ = {
			isa = XCSwiftPackageProductDependency;
			package = 4B4AFFD12BA20B670083D7B9 /* XCRemoteSwiftPackageReference "firebase-ios-sdk" */;
			productName = "FirebaseInAppMessagingSwift-Beta";
		};
		4B4AFFF82BA20B670083D7B9 /* FirebaseInstallations */ = {
			isa = XCSwiftPackageProductDependency;
			package = 4B4AFFD12BA20B670083D7B9 /* XCRemoteSwiftPackageReference "firebase-ios-sdk" */;
			productName = FirebaseInstallations;
		};
		4B4AFFFA2BA20B670083D7B9 /* FirebaseMLModelDownloader */ = {
			isa = XCSwiftPackageProductDependency;
			package = 4B4AFFD12BA20B670083D7B9 /* XCRemoteSwiftPackageReference "firebase-ios-sdk" */;
			productName = FirebaseMLModelDownloader;
		};
		4B4AFFFC2BA20B670083D7B9 /* FirebaseMessaging */ = {
			isa = XCSwiftPackageProductDependency;
			package = 4B4AFFD12BA20B670083D7B9 /* XCRemoteSwiftPackageReference "firebase-ios-sdk" */;
			productName = FirebaseMessaging;
		};
		4B4AFFFE2BA20B670083D7B9 /* FirebasePerformance */ = {
			isa = XCSwiftPackageProductDependency;
			package = 4B4AFFD12BA20B670083D7B9 /* XCRemoteSwiftPackageReference "firebase-ios-sdk" */;
			productName = FirebasePerformance;
		};
/* End XCSwiftPackageProductDependency section */
	};
	rootObject = 4B4AFF7C2B9F92840083D7B9 /* Project object */;
}
